
Microsoft Visual Studio Solution File, Format Version 12.00
# Visual Studio Version 17
VisualStudioVersion = 17.8.34511.84
MinimumVisualStudioVersion = 10.0.40219.1
Project("{FAE04EC0-301F-11D3-BF4B-00C04F79EFBC}") = "Elyo", "Elyo.csproj", "{20B27305-5EAE-43BD-A637-FAFD9D8612DD}"
EndProject
Global
	GlobalSection(SolutionConfigurationPlatforms) = preSolution
		Debug|Any CPU = Debug|Any CPU
		Release|Any CPU = Release|Any CPU
	EndGlobalSection
	GlobalSection(ProjectConfigurationPlatforms) = postSolution
		{20B27305-5EAE-43BD-A637-FAFD9D8612DD}.Debug|Any CPU.ActiveCfg = Debug|Any CPU
		{20B27305-5EAE-43BD-A637-FAFD9D8612DD}.Debug|Any CPU.Build.0 = Debug|Any CPU
		{20B27305-5EAE-43BD-A637-FAFD9D8612DD}.Release|Any CPU.ActiveCfg = Release|Any CPU
		{20B27305-5EAE-43BD-A637-FAFD9D8612DD}.Release|Any CPU.Build.0 = Release|Any CPU
	EndGlobalSection
	GlobalSection(SolutionProperties) = preSolution
		HideSolutionNode = FALSE
	EndGlobalSection
	GlobalSection(ExtensibilityGlobals) = postSolution
		SolutionGuid = {E6D538C2-07FE-44C7-90CA-1958C22EB201}
	EndGlobalSection
EndGlobal
